// !$*UTF8*$!
{
	archiveVersion = 1;
	classes = {
	};
	objectVersion = 70;
	objects = {

/* Begin PBXBuildFile section */
		7D5B415B2DF02605006A6528 /* FirebaseAI in Frameworks */ = {isa = PBXBuildFile; productRef = 7D5B415A2DF02605006A6528 /* FirebaseAI */; };
		7D5B415D2DF02605006A6528 /* FirebaseAnalytics in Frameworks */ = {isa = PBXBuildFile; productRef = 7D5B415C2DF02605006A6528 /* FirebaseAnalytics */; };
		7D5B415F2DF02605006A6528 /* FirebaseAnalyticsOnDeviceConversion in Frameworks */ = {isa = PBXBuildFile; productRef = 7D5B415E2DF02605006A6528 /* FirebaseAnalyticsOnDeviceConversion */; };
		7D5B41612DF02605006A6528 /* FirebaseAnalyticsWithoutAdIdSupport in Frameworks */ = {isa = PBXBuildFile; productRef = 7D5B41602DF02605006A6528 /* FirebaseAnalyticsWithoutAdIdSupport */; };
		7D5B41632DF02605006A6528 /* FirebaseAppCheck in Frameworks */ = {isa = PBXBuildFile; productRef = 7D5B41622DF02605006A6528 /* FirebaseAppCheck */; };
		7D5B41652DF026E0006A6528 /* FirebaseAuth in Frameworks */ = {isa = PBXBuildFile; productRef = 7D5B41642DF026E0006A6528 /* FirebaseAuth */; };
		7D5B41672DF026E0006A6528 /* FirebaseCore in Frameworks */ = {isa = PBXBuildFile; productRef = 7D5B41662DF026E0006A6528 /* FirebaseCore */; };
		7D5B41692DF026E0006A6528 /* FirebaseFirestore in Frameworks */ = {isa = PBXBuildFile; productRef = 7D5B41682DF026E0006A6528 /* FirebaseFirestore */; };
		7D5B416B2DF027D1006A6528 /* FirebaseAuth in Frameworks */ = {isa = PBXBuildFile; productRef = 7D5B416A2DF027D1006A6528 /* FirebaseAuth */; };
		7D5B416D2DF027D1006A6528 /* FirebaseAuthCombine-Community in Frameworks */ = {isa = PBXBuildFile; productRef = 7D5B416C2DF027D1006A6528 /* FirebaseAuthCombine-Community */; };
		7D5B416F2DF027D1006A6528 /* FirebaseCore in Frameworks */ = {isa = PBXBuildFile; productRef = 7D5B416E2DF027D1006A6528 /* FirebaseCore */; };
		7D6537AE2DE87D0300C7E795 /* DIMLView.swift in Sources */ = {isa = PBXBuildFile; fileRef = 7D6537A92DE87D0300C7E795 /* DIMLView.swift */; };
		7D6537AF2DE87D0300C7E795 /* LegacyEntryStore.swift in Sources */ = {isa = PBXBuildFile; fileRef = 7D6537AA2DE87D0300C7E795 /* LegacyEntryStore.swift */; };
		7D6537B02DE87D0300C7E795 /* PromptCard.swift in Sources */ = {isa = PBXBuildFile; fileRef = 7D6537AC2DE87D0300C7E795 /* PromptCard.swift */; };
		7D6537B42DE87D0300C7E795 /* AddEntryView.swift in Sources */ = {isa = PBXBuildFile; fileRef = 7D6537A62DE87D0300C7E795 /* AddEntryView.swift */; };
		7D6537B92DE880E000C7E795 /* Models.swift in Sources */ = {isa = PBXBuildFile; fileRef = 7D6537B72DE880E000C7E795 /* Models.swift */; };
		7D6537BA2DE880E000C7E795 /* GroupView.swift in Sources */ = {isa = PBXBuildFile; fileRef = 7D6537B62DE880E000C7E795 /* GroupView.swift */; };
		7D6537BB2DE880E000C7E795 /* EntryInteractionView.swift in Sources */ = {isa = PBXBuildFile; fileRef = 7D6537B52DE880E000C7E795 /* EntryInteractionView.swift */; };
		7D6537BC2DE880E100C7E795 /* EntryStore.swift in Sources */ = {isa = PBXBuildFile; fileRef = 7D6537B12DE880E100C7E795 /* EntryStore.swift */; };
		7D6537BD2DE8816900C7E795 /* GroupViewWrapper.swift in Sources */ = {isa = PBXBuildFile; fileRef = 7D6537BC2DE8815F00C7E795 /* GroupViewWrapper.swift */; };
		7D6537C22DE884CD00C7E795 /* CreateGroupView.swift in Sources */ = {isa = PBXBuildFile; fileRef = 7D6537BE2DE884CD00C7E795 /* CreateGroupView.swift */; };
		7D6537C32DE884CD00C7E795 /* GroupListView.swift in Sources */ = {isa = PBXBuildFile; fileRef = 7D6537C02DE884CD00C7E795 /* GroupListView.swift */; };
		7D6537C42DE884CD00C7E795 /* GroupDetailView.swift in Sources */ = {isa = PBXBuildFile; fileRef = 7D6537BF2DE884CD00C7E795 /* GroupDetailView.swift */; };
		ED38CD9D2DE6B12D0076D908 /* LoginScreen.swift in Sources */ = {isa = PBXBuildFile; fileRef = ED38CD9C2DE6B1180076D908 /* LoginScreen.swift */; };
		ED432C512DEE428D00A98660 /* FirebaseDatabase in Frameworks */ = {isa = PBXBuildFile; productRef = ED432C502DEE428D00A98660 /* FirebaseDatabase */; };
		ED432C532DEE429200A98660 /* FirebaseFirestore in Frameworks */ = {isa = PBXBuildFile; productRef = ED432C522DEE429200A98660 /* FirebaseFirestore */; };
		ED432C552DEE429900A98660 /* FirebaseStorage in Frameworks */ = {isa = PBXBuildFile; productRef = ED432C542DEE429900A98660 /* FirebaseStorage */; };
		ED432CB02DEEAB3E00A98660 /* FriendRequestManager.swift in Sources */ = {isa = PBXBuildFile; fileRef = ED432CAE2DEEAB3E00A98660 /* FriendRequestManager.swift */; };
		ED432CB32DEEAE6200A98660 /* FriendsManager.swift in Sources */ = {isa = PBXBuildFile; fileRef = ED432CB22DEEAE6200A98660 /* FriendsManager.swift */; };
		ED432CB62DEEAFD200A98660 /* User.swift in Sources */ = {isa = PBXBuildFile; fileRef = ED432CB42DEEAFD200A98660 /* User.swift */; };
		ED432D342DEFC77F00A98660 /* StorageManager.swift in Sources */ = {isa = PBXBuildFile; fileRef = ED432D332DEFC77F00A98660 /* StorageManager.swift */; };
		ED6680972DE999A2004E63A8 /* MainTabView.swift in Sources */ = {isa = PBXBuildFile; fileRef = ED6680962DE9999A004E63A8 /* MainTabView.swift */; };
		ED98B0742DEAA45B00072A68 /* AddFriendsView.swift in Sources */ = {isa = PBXBuildFile; fileRef = ED98B0732DEAA44F00072A68 /* AddFriendsView.swift */; };
		ED98B07D2DEAD54700072A68 /* TopNavBar.swift in Sources */ = {isa = PBXBuildFile; fileRef = ED98B07C2DEAD54300072A68 /* TopNavBar.swift */; };
		ED98B0932DEB9E4D00072A68 /* GroupSettingsView.swift in Sources */ = {isa = PBXBuildFile; fileRef = ED98B0922DEB9E4500072A68 /* GroupSettingsView.swift */; };
		EDB227422DED5DD1000DD9AA /* GroupStore.swift in Sources */ = {isa = PBXBuildFile; fileRef = EDB227412DED5DD0000DD9AA /* GroupStore.swift */; };
		EDB227B32DEDB624000DD9AA /* GoogleService-Info.plist in Resources */ = {isa = PBXBuildFile; fileRef = EDB227B22DEDB624000DD9AA /* GoogleService-Info.plist */; };
		EDB227B62DEDB6D0000DD9AA /* FirebaseAI in Frameworks */ = {isa = PBXBuildFile; productRef = EDB227B52DEDB6D0000DD9AA /* FirebaseAI */; };
		EDB227B82DEDB6D0000DD9AA /* FirebaseAnalytics in Frameworks */ = {isa = PBXBuildFile; productRef = EDB227B72DEDB6D0000DD9AA /* FirebaseAnalytics */; };
		EDB227BA2DEDB6D0000DD9AA /* FirebaseAnalyticsOnDeviceConversion in Frameworks */ = {isa = PBXBuildFile; productRef = EDB227B92DEDB6D0000DD9AA /* FirebaseAnalyticsOnDeviceConversion */; };
		EDB227BC2DEDB6D0000DD9AA /* FirebaseAnalyticsWithoutAdIdSupport in Frameworks */ = {isa = PBXBuildFile; productRef = EDB227BB2DEDB6D0000DD9AA /* FirebaseAnalyticsWithoutAdIdSupport */; };
		EDB227C12DEDB8F3000DD9AA /* FirebaseAuth in Frameworks */ = {isa = PBXBuildFile; productRef = EDB227C02DEDB8F3000DD9AA /* FirebaseAuth */; };
		EDD7AA1C2DE523B200C36E32 /* test2App.swift in Sources */ = {isa = PBXBuildFile; fileRef = EDD7AA1B2DE523B200C36E32 /* test2App.swift */; };
		EDD7AA1E2DE523B200C36E32 /* ContentView.swift in Sources */ = {isa = PBXBuildFile; fileRef = EDD7AA1D2DE523B200C36E32 /* ContentView.swift */; };
		EDD7AA232DE523B400C36E32 /* Preview Assets.xcassets in Resources */ = {isa = PBXBuildFile; fileRef = EDD7AA222DE523B400C36E32 /* Preview Assets.xcassets */; };
/* End PBXBuildFile section */

/* Begin PBXFileReference section */
		7D6537A62DE87D0300C7E795 /* AddEntryView.swift */ = {isa = PBXFileReference; lastKnownFileType = sourcecode.swift; path = AddEntryView.swift; sourceTree = "<group>"; };
		7D6537A92DE87D0300C7E795 /* DIMLView.swift */ = {isa = PBXFileReference; lastKnownFileType = sourcecode.swift; path = DIMLView.swift; sourceTree = "<group>"; };
		7D6537AA2DE87D0300C7E795 /* LegacyEntryStore.swift */ = {isa = PBXFileReference; lastKnownFileType = sourcecode.swift; path = LegacyEntryStore.swift; sourceTree = "<group>"; };
		7D6537AC2DE87D0300C7E795 /* PromptCard.swift */ = {isa = PBXFileReference; lastKnownFileType = sourcecode.swift; path = PromptCard.swift; sourceTree = "<group>"; };
		7D6537B12DE880E100C7E795 /* EntryStore.swift */ = {isa = PBXFileReference; lastKnownFileType = sourcecode.swift; path = EntryStore.swift; sourceTree = "<group>"; };
		7D6537B52DE880E000C7E795 /* EntryInteractionView.swift */ = {isa = PBXFileReference; lastKnownFileType = sourcecode.swift; path = EntryInteractionView.swift; sourceTree = "<group>"; };
		7D6537B62DE880E000C7E795 /* GroupView.swift */ = {isa = PBXFileReference; lastKnownFileType = sourcecode.swift; path = GroupView.swift; sourceTree = "<group>"; };
		7D6537B72DE880E000C7E795 /* Models.swift */ = {isa = PBXFileReference; lastKnownFileType = sourcecode.swift; path = Models.swift; sourceTree = "<group>"; };
		7D6537BC2DE8815F00C7E795 /* GroupViewWrapper.swift */ = {isa = PBXFileReference; lastKnownFileType = sourcecode.swift; path = GroupViewWrapper.swift; sourceTree = "<group>"; };
		7D6537BE2DE884CD00C7E795 /* CreateGroupView.swift */ = {isa = PBXFileReference; lastKnownFileType = sourcecode.swift; path = CreateGroupView.swift; sourceTree = "<group>"; };
		7D6537BF2DE884CD00C7E795 /* GroupDetailView.swift */ = {isa = PBXFileReference; lastKnownFileType = sourcecode.swift; path = GroupDetailView.swift; sourceTree = "<group>"; };
		7D6537C02DE884CD00C7E795 /* GroupListView.swift */ = {isa = PBXFileReference; lastKnownFileType = sourcecode.swift; path = GroupListView.swift; sourceTree = "<group>"; };
		ED38CD9C2DE6B1180076D908 /* LoginScreen.swift */ = {isa = PBXFileReference; lastKnownFileType = sourcecode.swift; path = LoginScreen.swift; sourceTree = "<group>"; };
		ED432CAE2DEEAB3E00A98660 /* FriendRequestManager.swift */ = {isa = PBXFileReference; lastKnownFileType = sourcecode.swift; path = FriendRequestManager.swift; sourceTree = "<group>"; };
		ED432CB22DEEAE6200A98660 /* FriendsManager.swift */ = {isa = PBXFileReference; lastKnownFileType = sourcecode.swift; path = FriendsManager.swift; sourceTree = "<group>"; };
		ED432CB42DEEAFD200A98660 /* User.swift */ = {isa = PBXFileReference; lastKnownFileType = sourcecode.swift; path = User.swift; sourceTree = "<group>"; };
		ED432D332DEFC77F00A98660 /* StorageManager.swift */ = {isa = PBXFileReference; lastKnownFileType = sourcecode.swift; path = StorageManager.swift; sourceTree = "<group>"; };
		ED6680962DE9999A004E63A8 /* MainTabView.swift */ = {isa = PBXFileReference; lastKnownFileType = sourcecode.swift; path = MainTabView.swift; sourceTree = "<group>"; };
		ED98B0732DEAA44F00072A68 /* AddFriendsView.swift */ = {isa = PBXFileReference; lastKnownFileType = sourcecode.swift; path = AddFriendsView.swift; sourceTree = "<group>"; };
		ED98B07C2DEAD54300072A68 /* TopNavBar.swift */ = {isa = PBXFileReference; lastKnownFileType = sourcecode.swift; path = TopNavBar.swift; sourceTree = "<group>"; };
		ED98B0922DEB9E4500072A68 /* GroupSettingsView.swift */ = {isa = PBXFileReference; lastKnownFileType = sourcecode.swift; path = GroupSettingsView.swift; sourceTree = "<group>"; };
		EDB227412DED5DD0000DD9AA /* GroupStore.swift */ = {isa = PBXFileReference; lastKnownFileType = sourcecode.swift; path = GroupStore.swift; sourceTree = "<group>"; };
		EDB227B22DEDB624000DD9AA /* GoogleService-Info.plist */ = {isa = PBXFileReference; lastKnownFileType = text.plist.xml; path = "GoogleService-Info.plist"; sourceTree = "<group>"; };
		EDD7AA182DE523B200C36E32 /* test2.app */ = {isa = PBXFileReference; explicitFileType = wrapper.application; includeInIndex = 0; path = test2.app; sourceTree = BUILT_PRODUCTS_DIR; };
		EDD7AA1B2DE523B200C36E32 /* test2App.swift */ = {isa = PBXFileReference; lastKnownFileType = sourcecode.swift; path = test2App.swift; sourceTree = "<group>"; };
		EDD7AA1D2DE523B200C36E32 /* ContentView.swift */ = {isa = PBXFileReference; lastKnownFileType = sourcecode.swift; path = ContentView.swift; sourceTree = "<group>"; };
		EDD7AA222DE523B400C36E32 /* Preview Assets.xcassets */ = {isa = PBXFileReference; lastKnownFileType = folder.assetcatalog; path = "Preview Assets.xcassets"; sourceTree = "<group>"; };
		EDEC5E0D2DE9750C006C06F3 /* Info.plist */ = {isa = PBXFileReference; lastKnownFileType = text.plist; path = Info.plist; sourceTree = "<group>"; };
/* End PBXFileReference section */

/* Begin PBXFileSystemSynchronizedRootGroup section */
		ED98B0752DEAC2E400072A68 /* DIMLProfileScreens */ = {isa = PBXFileSystemSynchronizedRootGroup; explicitFileTypes = {}; explicitFolders = (); path = DIMLProfileScreens; sourceTree = "<group>"; };
		ED98B0802DEAE2C800072A68 /* CreateAcctScreens */ = {isa = PBXFileSystemSynchronizedRootGroup; explicitFileTypes = {}; explicitFolders = (); path = CreateAcctScreens; sourceTree = "<group>"; };
		EDCD70292DE96EC80000175E /* Resources */ = {isa = PBXFileSystemSynchronizedRootGroup; explicitFileTypes = {}; explicitFolders = (); path = Resources; sourceTree = "<group>"; };
/* End PBXFileSystemSynchronizedRootGroup section */

/* Begin PBXFrameworksBuildPhase section */
		EDD7AA152DE523B200C36E32 /* Frameworks */ = {
			isa = PBXFrameworksBuildPhase;
			buildActionMask = 2147483647;
			files = (
				EDB227B82DEDB6D0000DD9AA /* FirebaseAnalytics in Frameworks */,
				7D5B416D2DF027D1006A6528 /* FirebaseAuthCombine-Community in Frameworks */,
				7D5B41672DF026E0006A6528 /* FirebaseCore in Frameworks */,
				7D5B416B2DF027D1006A6528 /* FirebaseAuth in Frameworks */,
				7D5B41632DF02605006A6528 /* FirebaseAppCheck in Frameworks */,
				EDB227C12DEDB8F3000DD9AA /* FirebaseAuth in Frameworks */,
				7D5B415F2DF02605006A6528 /* FirebaseAnalyticsOnDeviceConversion in Frameworks */,
				7D5B416F2DF027D1006A6528 /* FirebaseCore in Frameworks */,
				7D5B41692DF026E0006A6528 /* FirebaseFirestore in Frameworks */,
				7D5B415B2DF02605006A6528 /* FirebaseAI in Frameworks */,
				7D5B41652DF026E0006A6528 /* FirebaseAuth in Frameworks */,
				ED432C552DEE429900A98660 /* FirebaseStorage in Frameworks */,
				EDB227BA2DEDB6D0000DD9AA /* FirebaseAnalyticsOnDeviceConversion in Frameworks */,
				EDB227B62DEDB6D0000DD9AA /* FirebaseAI in Frameworks */,
				7D5B41612DF02605006A6528 /* FirebaseAnalyticsWithoutAdIdSupport in Frameworks */,
				ED432C532DEE429200A98660 /* FirebaseFirestore in Frameworks */,
				ED432C512DEE428D00A98660 /* FirebaseDatabase in Frameworks */,
				7D5B415D2DF02605006A6528 /* FirebaseAnalytics in Frameworks */,
				EDB227BC2DEDB6D0000DD9AA /* FirebaseAnalyticsWithoutAdIdSupport in Frameworks */,
			);
			runOnlyForDeploymentPostprocessing = 0;
		};
/* End PBXFrameworksBuildPhase section */

/* Begin PBXGroup section */
		7D6537AD2DE87D0300C7E795 /* DIMLApp */ = {
			isa = PBXGroup;
			children = (
				7D6537AA2DE87D0300C7E795 /* LegacyEntryStore.swift */,
				7D6537AC2DE87D0300C7E795 /* PromptCard.swift */,
			);
			path = DIMLApp;
			sourceTree = "<group>";
		};
		7D6537B82DE880E000C7E795 /* DIMLGroup */ = {
			isa = PBXGroup;
			children = (
				ED432D332DEFC77F00A98660 /* StorageManager.swift */,
				7D6537BC2DE8815F00C7E795 /* GroupViewWrapper.swift */,
				7D6537B52DE880E000C7E795 /* EntryInteractionView.swift */,
				7D6537B62DE880E000C7E795 /* GroupView.swift */,
				7D6537B72DE880E000C7E795 /* Models.swift */,
				7D6537A62DE87D0300C7E795 /* AddEntryView.swift */,
				7D6537A92DE87D0300C7E795 /* DIMLView.swift */,
				7D6537B12DE880E100C7E795 /* EntryStore.swift */,
			);
			path = DIMLGroup;
			sourceTree = "<group>";
		};
		7D6537C12DE884CD00C7E795 /* DIMLGroupScreens */ = {
			isa = PBXGroup;
			children = (
				ED432CB22DEEAE6200A98660 /* FriendsManager.swift */,
				ED432CAE2DEEAB3E00A98660 /* FriendRequestManager.swift */,
				ED98B0922DEB9E4500072A68 /* GroupSettingsView.swift */,
				ED98B0732DEAA44F00072A68 /* AddFriendsView.swift */,
				7D6537BE2DE884CD00C7E795 /* CreateGroupView.swift */,
				EDB227412DED5DD0000DD9AA /* GroupStore.swift */,
				7D6537BF2DE884CD00C7E795 /* GroupDetailView.swift */,
				7D6537C02DE884CD00C7E795 /* GroupListView.swift */,
			);
			path = DIMLGroupScreens;
			sourceTree = "<group>";
		};
		ED432CB52DEEAFD200A98660 /* Models */ = {
			isa = PBXGroup;
			children = (
				ED432CB42DEEAFD200A98660 /* User.swift */,
			);
			path = Models;
			sourceTree = "<group>";
		};
		EDB227BF2DEDB8F3000DD9AA /* Frameworks */ = {
			isa = PBXGroup;
			children = (
			);
			name = Frameworks;
			sourceTree = "<group>";
		};
		EDD7AA0F2DE523B200C36E32 = {
			isa = PBXGroup;
			children = (
				EDD7AA1A2DE523B200C36E32 /* test2 */,
				EDB227BF2DEDB8F3000DD9AA /* Frameworks */,
				EDD7AA192DE523B200C36E32 /* Products */,
			);
			sourceTree = "<group>";
		};
		EDD7AA192DE523B200C36E32 /* Products */ = {
			isa = PBXGroup;
			children = (
				EDD7AA182DE523B200C36E32 /* test2.app */,
			);
			name = Products;
			sourceTree = "<group>";
		};
		EDD7AA1A2DE523B200C36E32 /* test2 */ = {
			isa = PBXGroup;
			children = (
				EDB227B22DEDB624000DD9AA /* GoogleService-Info.plist */,
				ED98B0802DEAE2C800072A68 /* CreateAcctScreens */,
				ED98B07C2DEAD54300072A68 /* TopNavBar.swift */,
				ED98B0752DEAC2E400072A68 /* DIMLProfileScreens */,
				ED6680962DE9999A004E63A8 /* MainTabView.swift */,
				EDEC5E0D2DE9750C006C06F3 /* Info.plist */,
				EDCD70292DE96EC80000175E /* Resources */,
				ED38CD9C2DE6B1180076D908 /* LoginScreen.swift */,
				EDD7AA1B2DE523B200C36E32 /* test2App.swift */,
				EDD7AA1D2DE523B200C36E32 /* ContentView.swift */,
				7D6537C12DE884CD00C7E795 /* DIMLGroupScreens */,
				7D6537B82DE880E000C7E795 /* DIMLGroup */,
				7D6537AD2DE87D0300C7E795 /* DIMLApp */,
				EDD7AA212DE523B400C36E32 /* Preview Content */,
				ED432CB52DEEAFD200A98660 /* Models */,
			);
			path = test2;
			sourceTree = "<group>";
		};
		EDD7AA212DE523B400C36E32 /* Preview Content */ = {
			isa = PBXGroup;
			children = (
				EDD7AA222DE523B400C36E32 /* Preview Assets.xcassets */,
			);
			path = "Preview Content";
			sourceTree = "<group>";
		};
/* End PBXGroup section */

/* Begin PBXNativeTarget section */
		EDD7AA172DE523B200C36E32 /* test2 */ = {
			isa = PBXNativeTarget;
			buildConfigurationList = EDD7AA262DE523B400C36E32 /* Build configuration list for PBXNativeTarget "test2" */;
			buildPhases = (
				EDD7AA142DE523B200C36E32 /* Sources */,
				EDD7AA152DE523B200C36E32 /* Frameworks */,
				EDD7AA162DE523B200C36E32 /* Resources */,
			);
			buildRules = (
			);
			dependencies = (
			);
			fileSystemSynchronizedGroups = (
				ED98B0752DEAC2E400072A68 /* DIMLProfileScreens */,
				ED98B0802DEAE2C800072A68 /* CreateAcctScreens */,
				EDCD70292DE96EC80000175E /* Resources */,
			);
			name = test2;
			productName = test2;
			productReference = EDD7AA182DE523B200C36E32 /* test2.app */;
			productType = "com.apple.product-type.application";
		};
/* End PBXNativeTarget section */

/* Begin PBXProject section */
		EDD7AA102DE523B200C36E32 /* Project object */ = {
			isa = PBXProject;
			attributes = {
				BuildIndependentTargetsInParallel = 1;
				LastSwiftUpdateCheck = 1430;
				LastUpgradeCheck = 1640;
				TargetAttributes = {
					EDD7AA172DE523B200C36E32 = {
						CreatedOnToolsVersion = 14.3.1;
					};
				};
			};
			buildConfigurationList = EDD7AA132DE523B200C36E32 /* Build configuration list for PBXProject "test2" */;
			compatibilityVersion = "Xcode 14.0";
			developmentRegion = en;
			hasScannedForEncodings = 0;
			knownRegions = (
				en,
				Base,
			);
			mainGroup = EDD7AA0F2DE523B200C36E32;
			packageReferences = (
				EDB227B42DEDB6D0000DD9AA /* XCRemoteSwiftPackageReference "firebase-ios-sdk" */,
			);
			productRefGroup = EDD7AA192DE523B200C36E32 /* Products */;
			projectDirPath = "";
			projectRoot = "";
			targets = (
				EDD7AA172DE523B200C36E32 /* test2 */,
			);
		};
/* End PBXProject section */

/* Begin PBXResourcesBuildPhase section */
		EDD7AA162DE523B200C36E32 /* Resources */ = {
			isa = PBXResourcesBuildPhase;
			buildActionMask = 2147483647;
			files = (
				EDD7AA232DE523B400C36E32 /* Preview Assets.xcassets in Resources */,
				EDB227B32DEDB624000DD9AA /* GoogleService-Info.plist in Resources */,
			);
			runOnlyForDeploymentPostprocessing = 0;
		};
/* End PBXResourcesBuildPhase section */

/* Begin PBXSourcesBuildPhase section */
		EDD7AA142DE523B200C36E32 /* Sources */ = {
			isa = PBXSourcesBuildPhase;
			buildActionMask = 2147483647;
			files = (
				EDD7AA1E2DE523B200C36E32 /* ContentView.swift in Sources */,
				EDB227422DED5DD1000DD9AA /* GroupStore.swift in Sources */,
				EDD7AA1C2DE523B200C36E32 /* test2App.swift in Sources */,
				ED38CD9D2DE6B12D0076D908 /* LoginScreen.swift in Sources */,
				7D6537C22DE884CD00C7E795 /* CreateGroupView.swift in Sources */,
				7D6537C32DE884CD00C7E795 /* GroupListView.swift in Sources */,
				7D6537C42DE884CD00C7E795 /* GroupDetailView.swift in Sources */,
				7D6537B92DE880E000C7E795 /* Models.swift in Sources */,
				7D6537BA2DE880E000C7E795 /* GroupView.swift in Sources */,
				7D6537BB2DE880E000C7E795 /* EntryInteractionView.swift in Sources */,
				7D6537AE2DE87D0300C7E795 /* DIMLView.swift in Sources */,
				ED98B0742DEAA45B00072A68 /* AddFriendsView.swift in Sources */,
				ED432CB02DEEAB3E00A98660 /* FriendRequestManager.swift in Sources */,
				ED432CB32DEEAE6200A98660 /* FriendsManager.swift in Sources */,
				ED98B07D2DEAD54700072A68 /* TopNavBar.swift in Sources */,
				ED6680972DE999A2004E63A8 /* MainTabView.swift in Sources */,
				7D6537AF2DE87D0300C7E795 /* LegacyEntryStore.swift in Sources */,
				ED98B0932DEB9E4D00072A68 /* GroupSettingsView.swift in Sources */,
				7D6537B02DE87D0300C7E795 /* PromptCard.swift in Sources */,
				7D6537B42DE87D0300C7E795 /* AddEntryView.swift in Sources */,
				7D6537BC2DE880E100C7E795 /* EntryStore.swift in Sources */,
				7D6537BD2DE8816900C7E795 /* GroupViewWrapper.swift in Sources */,
				ED432CB62DEEAFD200A98660 /* User.swift in Sources */,
				ED432D342DEFC77F00A98660 /* StorageManager.swift in Sources */,
			);
			runOnlyForDeploymentPostprocessing = 0;
		};
/* End PBXSourcesBuildPhase section */

/* Begin XCBuildConfiguration section */
		EDD7AA242DE523B400C36E32 /* Debug */ = {
			isa = XCBuildConfiguration;
			buildSettings = {
				ALWAYS_SEARCH_USER_PATHS = NO;
				CLANG_ANALYZER_NONNULL = YES;
				CLANG_ANALYZER_NUMBER_OBJECT_CONVERSION = YES_AGGRESSIVE;
				CLANG_CXX_LANGUAGE_STANDARD = "gnu++20";
				CLANG_ENABLE_MODULES = YES;
				CLANG_ENABLE_OBJC_ARC = YES;
				CLANG_ENABLE_OBJC_WEAK = YES;
				CLANG_WARN_BLOCK_CAPTURE_AUTORELEASING = YES;
				CLANG_WARN_BOOL_CONVERSION = YES;
				CLANG_WARN_COMMA = YES;
				CLANG_WARN_CONSTANT_CONVERSION = YES;
				CLANG_WARN_DEPRECATED_OBJC_IMPLEMENTATIONS = YES;
				CLANG_WARN_DIRECT_OBJC_ISA_USAGE = YES_ERROR;
				CLANG_WARN_DOCUMENTATION_COMMENTS = YES;
				CLANG_WARN_EMPTY_BODY = YES;
				CLANG_WARN_ENUM_CONVERSION = YES;
				CLANG_WARN_INFINITE_RECURSION = YES;
				CLANG_WARN_INT_CONVERSION = YES;
				CLANG_WARN_NON_LITERAL_NULL_CONVERSION = YES;
				CLANG_WARN_OBJC_IMPLICIT_RETAIN_SELF = YES;
				CLANG_WARN_OBJC_LITERAL_CONVERSION = YES;
				CLANG_WARN_OBJC_ROOT_CLASS = YES_ERROR;
				CLANG_WARN_QUOTED_INCLUDE_IN_FRAMEWORK_HEADER = YES;
				CLANG_WARN_RANGE_LOOP_ANALYSIS = YES;
				CLANG_WARN_STRICT_PROTOTYPES = YES;
				CLANG_WARN_SUSPICIOUS_MOVE = YES;
				CLANG_WARN_UNGUARDED_AVAILABILITY = YES_AGGRESSIVE;
				CLANG_WARN_UNREACHABLE_CODE = YES;
				CLANG_WARN__DUPLICATE_METHOD_MATCH = YES;
				COPY_PHASE_STRIP = NO;
				DEBUG_INFORMATION_FORMAT = dwarf;
				ENABLE_STRICT_OBJC_MSGSEND = YES;
				ENABLE_TESTABILITY = YES;
				ENABLE_USER_SCRIPT_SANDBOXING = YES;
				GCC_C_LANGUAGE_STANDARD = gnu11;
				GCC_DYNAMIC_NO_PIC = NO;
				GCC_NO_COMMON_BLOCKS = YES;
				GCC_OPTIMIZATION_LEVEL = 0;
				GCC_PREPROCESSOR_DEFINITIONS = (
					"DEBUG=1",
					"$(inherited)",
				);
				GCC_WARN_64_TO_32_BIT_CONVERSION = YES;
				GCC_WARN_ABOUT_RETURN_TYPE = YES_ERROR;
				GCC_WARN_UNDECLARED_SELECTOR = YES;
				GCC_WARN_UNINITIALIZED_AUTOS = YES_AGGRESSIVE;
				GCC_WARN_UNUSED_FUNCTION = YES;
				GCC_WARN_UNUSED_VARIABLE = YES;
				IPHONEOS_DEPLOYMENT_TARGET = 16.4;
				MTL_ENABLE_DEBUG_INFO = INCLUDE_SOURCE;
				MTL_FAST_MATH = YES;
				ONLY_ACTIVE_ARCH = YES;
				SDKROOT = iphoneos;
				SWIFT_ACTIVE_COMPILATION_CONDITIONS = DEBUG;
				SWIFT_OPTIMIZATION_LEVEL = "-Onone";
			};
			name = Debug;
		};
		EDD7AA252DE523B400C36E32 /* Release */ = {
			isa = XCBuildConfiguration;
			buildSettings = {
				ALWAYS_SEARCH_USER_PATHS = NO;
				CLANG_ANALYZER_NONNULL = YES;
				CLANG_ANALYZER_NUMBER_OBJECT_CONVERSION = YES_AGGRESSIVE;
				CLANG_CXX_LANGUAGE_STANDARD = "gnu++20";
				CLANG_ENABLE_MODULES = YES;
				CLANG_ENABLE_OBJC_ARC = YES;
				CLANG_ENABLE_OBJC_WEAK = YES;
				CLANG_WARN_BLOCK_CAPTURE_AUTORELEASING = YES;
				CLANG_WARN_BOOL_CONVERSION = YES;
				CLANG_WARN_COMMA = YES;
				CLANG_WARN_CONSTANT_CONVERSION = YES;
				CLANG_WARN_DEPRECATED_OBJC_IMPLEMENTATIONS = YES;
				CLANG_WARN_DIRECT_OBJC_ISA_USAGE = YES_ERROR;
				CLANG_WARN_DOCUMENTATION_COMMENTS = YES;
				CLANG_WARN_EMPTY_BODY = YES;
				CLANG_WARN_ENUM_CONVERSION = YES;
				CLANG_WARN_INFINITE_RECURSION = YES;
				CLANG_WARN_INT_CONVERSION = YES;
				CLANG_WARN_NON_LITERAL_NULL_CONVERSION = YES;
				CLANG_WARN_OBJC_IMPLICIT_RETAIN_SELF = YES;
				CLANG_WARN_OBJC_LITERAL_CONVERSION = YES;
				CLANG_WARN_OBJC_ROOT_CLASS = YES_ERROR;
				CLANG_WARN_QUOTED_INCLUDE_IN_FRAMEWORK_HEADER = YES;
				CLANG_WARN_RANGE_LOOP_ANALYSIS = YES;
				CLANG_WARN_STRICT_PROTOTYPES = YES;
				CLANG_WARN_SUSPICIOUS_MOVE = YES;
				CLANG_WARN_UNGUARDED_AVAILABILITY = YES_AGGRESSIVE;
				CLANG_WARN_UNREACHABLE_CODE = YES;
				CLANG_WARN__DUPLICATE_METHOD_MATCH = YES;
				COPY_PHASE_STRIP = NO;
				DEBUG_INFORMATION_FORMAT = "dwarf-with-dsym";
				ENABLE_NS_ASSERTIONS = NO;
				ENABLE_STRICT_OBJC_MSGSEND = YES;
				ENABLE_USER_SCRIPT_SANDBOXING = YES;
				GCC_C_LANGUAGE_STANDARD = gnu11;
				GCC_NO_COMMON_BLOCKS = YES;
				GCC_WARN_64_TO_32_BIT_CONVERSION = YES;
				GCC_WARN_ABOUT_RETURN_TYPE = YES_ERROR;
				GCC_WARN_UNDECLARED_SELECTOR = YES;
				GCC_WARN_UNINITIALIZED_AUTOS = YES_AGGRESSIVE;
				GCC_WARN_UNUSED_FUNCTION = YES;
				GCC_WARN_UNUSED_VARIABLE = YES;
				IPHONEOS_DEPLOYMENT_TARGET = 16.4;
				MTL_ENABLE_DEBUG_INFO = NO;
				MTL_FAST_MATH = YES;
				SDKROOT = iphoneos;
				SWIFT_COMPILATION_MODE = wholemodule;
				SWIFT_OPTIMIZATION_LEVEL = "-O";
				VALIDATE_PRODUCT = YES;
			};
			name = Release;
		};
		EDD7AA272DE523B400C36E32 /* Debug */ = {
			isa = XCBuildConfiguration;
			buildSettings = {
				ASSETCATALOG_COMPILER_APPICON_NAME = AppIcon;
				ASSETCATALOG_COMPILER_GLOBAL_ACCENT_COLOR_NAME = AccentColor;
				CODE_SIGN_STYLE = Automatic;
				CURRENT_PROJECT_VERSION = 1;
				DEVELOPMENT_ASSET_PATHS = "\"test2/Preview Content\"";
				DEVELOPMENT_TEAM = 3S3XG5VT5D;
				ENABLE_PREVIEWS = YES;
				GENERATE_INFOPLIST_FILE = YES;
				INFOPLIST_FILE = test2/Info.plist;
				INFOPLIST_KEY_UIApplicationSceneManifest_Generation = YES;
				INFOPLIST_KEY_UIApplicationSupportsIndirectInputEvents = YES;
				INFOPLIST_KEY_UILaunchScreen_Generation = YES;
				INFOPLIST_KEY_UISupportedInterfaceOrientations_iPad = "UIInterfaceOrientationPortrait UIInterfaceOrientationPortraitUpsideDown UIInterfaceOrientationLandscapeLeft UIInterfaceOrientationLandscapeRight";
				INFOPLIST_KEY_UISupportedInterfaceOrientations_iPhone = "UIInterfaceOrientationPortrait UIInterfaceOrientationLandscapeLeft UIInterfaceOrientationLandscapeRight";
				IPHONEOS_DEPLOYMENT_TARGET = 15.6;
				LD_RUNPATH_SEARCH_PATHS = (
					"$(inherited)",
					"@executable_path/Frameworks",
				);
				MARKETING_VERSION = 1.0;
				PRODUCT_BUNDLE_IDENTIFIER = com.diml.test2;
				PRODUCT_NAME = "$(TARGET_NAME)";
				SWIFT_EMIT_LOC_STRINGS = YES;
				SWIFT_VERSION = 5.0;
				TARGETED_DEVICE_FAMILY = "1,2";
			};
			name = Debug;
		};
		EDD7AA282DE523B400C36E32 /* Release */ = {
			isa = XCBuildConfiguration;
			buildSettings = {
				ASSETCATALOG_COMPILER_APPICON_NAME = AppIcon;
				ASSETCATALOG_COMPILER_GLOBAL_ACCENT_COLOR_NAME = AccentColor;
				CODE_SIGN_STYLE = Automatic;
				CURRENT_PROJECT_VERSION = 1;
				DEVELOPMENT_ASSET_PATHS = "\"test2/Preview Content\"";
				DEVELOPMENT_TEAM = 3S3XG5VT5D;
				ENABLE_PREVIEWS = YES;
				GENERATE_INFOPLIST_FILE = YES;
				INFOPLIST_FILE = test2/Info.plist;
				INFOPLIST_KEY_UIApplicationSceneManifest_Generation = YES;
				INFOPLIST_KEY_UIApplicationSupportsIndirectInputEvents = YES;
				INFOPLIST_KEY_UILaunchScreen_Generation = YES;
				INFOPLIST_KEY_UISupportedInterfaceOrientations_iPad = "UIInterfaceOrientationPortrait UIInterfaceOrientationPortraitUpsideDown UIInterfaceOrientationLandscapeLeft UIInterfaceOrientationLandscapeRight";
				INFOPLIST_KEY_UISupportedInterfaceOrientations_iPhone = "UIInterfaceOrientationPortrait UIInterfaceOrientationLandscapeLeft UIInterfaceOrientationLandscapeRight";
				IPHONEOS_DEPLOYMENT_TARGET = 15.6;
				LD_RUNPATH_SEARCH_PATHS = (
					"$(inherited)",
					"@executable_path/Frameworks",
				);
				MARKETING_VERSION = 1.0;
				PRODUCT_BUNDLE_IDENTIFIER = com.diml.test2;
				PRODUCT_NAME = "$(TARGET_NAME)";
				SWIFT_EMIT_LOC_STRINGS = YES;
				SWIFT_VERSION = 5.0;
				TARGETED_DEVICE_FAMILY = "1,2";
			};
			name = Release;
		};
/* End XCBuildConfiguration section */

/* Begin XCConfigurationList section */
		EDD7AA132DE523B200C36E32 /* Build configuration list for PBXProject "test2" */ = {
			isa = XCConfigurationList;
			buildConfigurations = (
				EDD7AA242DE523B400C36E32 /* Debug */,
				EDD7AA252DE523B400C36E32 /* Release */,
			);
			defaultConfigurationIsVisible = 0;
			defaultConfigurationName = Release;
		};
		EDD7AA262DE523B400C36E32 /* Build configuration list for PBXNativeTarget "test2" */ = {
			isa = XCConfigurationList;
			buildConfigurations = (
				EDD7AA272DE523B400C36E32 /* Debug */,
				EDD7AA282DE523B400C36E32 /* Release */,
			);
			defaultConfigurationIsVisible = 0;
			defaultConfigurationName = Release;
		};
/* End XCConfigurationList section */

/* Begin XCRemoteSwiftPackageReference section */
		EDB227B42DEDB6D0000DD9AA /* XCRemoteSwiftPackageReference "firebase-ios-sdk" */ = {
			isa = XCRemoteSwiftPackageReference;
			repositoryURL = "https://github.com/firebase/firebase-ios-sdk";
			requirement = {
				kind = upToNextMajorVersion;
				minimumVersion = 11.13.0;
			};
		};
/* End XCRemoteSwiftPackageReference section */

/* Begin XCSwiftPackageProductDependency section */
		7D5B415A2DF02605006A6528 /* FirebaseAI */ = {
			isa = XCSwiftPackageProductDependency;
			package = EDB227B42DEDB6D0000DD9AA /* XCRemoteSwiftPackageReference "firebase-ios-sdk" */;
			productName = FirebaseAI;
		};
		7D5B415C2DF02605006A6528 /* FirebaseAnalytics */ = {
			isa = XCSwiftPackageProductDependency;
			package = EDB227B42DEDB6D0000DD9AA /* XCRemoteSwiftPackageReference "firebase-ios-sdk" */;
			productName = FirebaseAnalytics;
		};
		7D5B415E2DF02605006A6528 /* FirebaseAnalyticsOnDeviceConversion */ = {
			isa = XCSwiftPackageProductDependency;
			package = EDB227B42DEDB6D0000DD9AA /* XCRemoteSwiftPackageReference "firebase-ios-sdk" */;
			productName = FirebaseAnalyticsOnDeviceConversion;
		};
		7D5B41602DF02605006A6528 /* FirebaseAnalyticsWithoutAdIdSupport */ = {
			isa = XCSwiftPackageProductDependency;
			package = EDB227B42DEDB6D0000DD9AA /* XCRemoteSwiftPackageReference "firebase-ios-sdk" */;
			productName = FirebaseAnalyticsWithoutAdIdSupport;
		};
		7D5B41622DF02605006A6528 /* FirebaseAppCheck */ = {
			isa = XCSwiftPackageProductDependency;
			package = EDB227B42DEDB6D0000DD9AA /* XCRemoteSwiftPackageReference "firebase-ios-sdk" */;
			productName = FirebaseAppCheck;
		};
		7D5B41642DF026E0006A6528 /* FirebaseAuth */ = {
			isa = XCSwiftPackageProductDependency;
			package = EDB227B42DEDB6D0000DD9AA /* XCRemoteSwiftPackageReference "firebase-ios-sdk" */;
			productName = FirebaseAuth;
		};
		7D5B41662DF026E0006A6528 /* FirebaseCore */ = {
			isa = XCSwiftPackageProductDependency;
			package = EDB227B42DEDB6D0000DD9AA /* XCRemoteSwiftPackageReference "firebase-ios-sdk" */;
			productName = FirebaseCore;
		};
		7D5B41682DF026E0006A6528 /* FirebaseFirestore */ = {
			isa = XCSwiftPackageProductDependency;
			package = EDB227B42DEDB6D0000DD9AA /* XCRemoteSwiftPackageReference "firebase-ios-sdk" */;
			productName = FirebaseFirestore;
		};
		7D5B416A2DF027D1006A6528 /* FirebaseAuth */ = {
			isa = XCSwiftPackageProductDependency;
			package = EDB227B42DEDB6D0000DD9AA /* XCRemoteSwiftPackageReference "firebase-ios-sdk" */;
			productName = FirebaseAuth;
		};
		7D5B416C2DF027D1006A6528 /* FirebaseAuthCombine-Community */ = {
			isa = XCSwiftPackageProductDependency;
			package = EDB227B42DEDB6D0000DD9AA /* XCRemoteSwiftPackageReference "firebase-ios-sdk" */;
			productName = "FirebaseAuthCombine-Community";
		};
		7D5B416E2DF027D1006A6528 /* FirebaseCore */ = {
			isa = XCSwiftPackageProductDependency;
			package = EDB227B42DEDB6D0000DD9AA /* XCRemoteSwiftPackageReference "firebase-ios-sdk" */;
			productName = FirebaseCore;
		};
		ED432C502DEE428D00A98660 /* FirebaseDatabase */ = {
			isa = XCSwiftPackageProductDependency;
			package = EDB227B42DEDB6D0000DD9AA /* XCRemoteSwiftPackageReference "firebase-ios-sdk" */;
			productName = FirebaseDatabase;
		};
		ED432C522DEE429200A98660 /* FirebaseFirestore */ = {
			isa = XCSwiftPackageProductDependency;
			package = EDB227B42DEDB6D0000DD9AA /* XCRemoteSwiftPackageReference "firebase-ios-sdk" */;
			productName = FirebaseFirestore;
		};
		ED432C542DEE429900A98660 /* FirebaseStorage */ = {
			isa = XCSwiftPackageProductDependency;
			package = EDB227B42DEDB6D0000DD9AA /* XCRemoteSwiftPackageReference "firebase-ios-sdk" */;
			productName = FirebaseStorage;
		};
		EDB227B52DEDB6D0000DD9AA /* FirebaseAI */ = {
			isa = XCSwiftPackageProductDependency;
			package = EDB227B42DEDB6D0000DD9AA /* XCRemoteSwiftPackageReference "firebase-ios-sdk" */;
			productName = FirebaseAI;
		};
		EDB227B72DEDB6D0000DD9AA /* FirebaseAnalytics */ = {
			isa = XCSwiftPackageProductDependency;
			package = EDB227B42DEDB6D0000DD9AA /* XCRemoteSwiftPackageReference "firebase-ios-sdk" */;
			productName = FirebaseAnalytics;
		};
		EDB227B92DEDB6D0000DD9AA /* FirebaseAnalyticsOnDeviceConversion */ = {
			isa = XCSwiftPackageProductDependency;
			package = EDB227B42DEDB6D0000DD9AA /* XCRemoteSwiftPackageReference "firebase-ios-sdk" */;
			productName = FirebaseAnalyticsOnDeviceConversion;
		};
		EDB227BB2DEDB6D0000DD9AA /* FirebaseAnalyticsWithoutAdIdSupport */ = {
			isa = XCSwiftPackageProductDependency;
			package = EDB227B42DEDB6D0000DD9AA /* XCRemoteSwiftPackageReference "firebase-ios-sdk" */;
			productName = FirebaseAnalyticsWithoutAdIdSupport;
		};
		EDB227C02DEDB8F3000DD9AA /* FirebaseAuth */ = {
			isa = XCSwiftPackageProductDependency;
			package = EDB227B42DEDB6D0000DD9AA /* XCRemoteSwiftPackageReference "firebase-ios-sdk" */;
			productName = FirebaseAuth;
		};
/* End XCSwiftPackageProductDependency section */
	};
	rootObject = EDD7AA102DE523B200C36E32 /* Project object */;
}
